
Microsoft Visual Studio Solution File, Format Version 12.00
Project("{FAE04EC0-301F-11D3-BF4B-00C04F79EFBC}") = "FoldersStructure_Client", "FoldersStructure_Client\FoldersStructure_Client.csproj", "{B11F4AAF-4553-4998-86BD-C5FA7A7093CA}"
EndProject
Global
	GlobalSection(SolutionConfigurationPlatforms) = preSolution
		Debug|Any CPU = Debug|Any CPU
		Release|Any CPU = Release|Any CPU
	EndGlobalSection
	GlobalSection(ProjectConfigurationPlatforms) = postSolution
		{B11F4AAF-4553-4998-86BD-C5FA7A7093CA}.Debug|Any CPU.ActiveCfg = Debug|Any CPU
		{B11F4AAF-4553-4998-86BD-C5FA7A7093CA}.Debug|Any CPU.Build.0 = Debug|Any CPU
		{B11F4AAF-4553-4998-86BD-C5FA7A7093CA}.Release|Any CPU.ActiveCfg = Release|Any CPU
		{B11F4AAF-4553-4998-86BD-C5FA7A7093CA}.Release|Any CPU.Build.0 = Release|Any CPU
	EndGlobalSection
EndGlobal
